
Microsoft Visual Studio Solution File, Format Version 12.00
# Visual Studio Version 17
VisualStudioVersion = 17.5.002.0
MinimumVisualStudioVersion = 10.0.40219.1
Project("{9A19103F-16F7-4668-BE54-9A1E7A4F7556}") = "lab-1-5-console-commands-Jsiah-H", "lab-1-5-console-commands-Jsiah-H.csproj", "{19AB0628-4D33-4055-BE48-28F56DCF8B68}"
EndProject
Global
	GlobalSection(SolutionConfigurationPlatforms) = preSolution
		Debug|Any CPU = Debug|Any CPU
		Release|Any CPU = Release|Any CPU
	EndGlobalSection
	GlobalSection(ProjectConfigurationPlatforms) = postSolution
		{19AB0628-4D33-4055-BE48-28F56DCF8B68}.Debug|Any CPU.ActiveCfg = Debug|Any CPU
		{19AB0628-4D33-4055-BE48-28F56DCF8B68}.Debug|Any CPU.Build.0 = Debug|Any CPU
		{19AB0628-4D33-4055-BE48-28F56DCF8B68}.Release|Any CPU.ActiveCfg = Release|Any CPU
		{19AB0628-4D33-4055-BE48-28F56DCF8B68}.Release|Any CPU.Build.0 = Release|Any CPU
	EndGlobalSection
	GlobalSection(SolutionProperties) = preSolution
		HideSolutionNode = FALSE
	EndGlobalSection
	GlobalSection(ExtensibilityGlobals) = postSolution
		SolutionGuid = {2BE6AD59-97BA-4818-875A-99FE14CF1546}
	EndGlobalSection
EndGlobal
